
Microsoft Visual Studio Solution File, Format Version 12.00
# Visual Studio Version 16
VisualStudioVersion = 16.0.31025.194
MinimumVisualStudioVersion = 10.0.40219.1
Project("{FAE04EC0-301F-11D3-BF4B-00C04F79EFBC}") = "Полиморфизм подтипов", "Полиморфизм подтипов\Полиморфизм подтипов.csproj", "{AEEC73FA-F0EF-4148-A9FC-2412EA11B04D}"
EndProject
Global
	GlobalSection(SolutionConfigurationPlatforms) = preSolution
		Debug|Any CPU = Debug|Any CPU
		Release|Any CPU = Release|Any CPU
	EndGlobalSection
	GlobalSection(ProjectConfigurationPlatforms) = postSolution
		{AEEC73FA-F0EF-4148-A9FC-2412EA11B04D}.Debug|Any CPU.ActiveCfg = Debug|Any CPU
		{AEEC73FA-F0EF-4148-A9FC-2412EA11B04D}.Debug|Any CPU.Build.0 = Debug|Any CPU
		{AEEC73FA-F0EF-4148-A9FC-2412EA11B04D}.Release|Any CPU.ActiveCfg = Release|Any CPU
		{AEEC73FA-F0EF-4148-A9FC-2412EA11B04D}.Release|Any CPU.Build.0 = Release|Any CPU
	EndGlobalSection
	GlobalSection(SolutionProperties) = preSolution
		HideSolutionNode = FALSE
	EndGlobalSection
	GlobalSection(ExtensibilityGlobals) = postSolution
		SolutionGuid = {21839DFA-B5DD-47F1-9C23-1323F45D05B2}
	EndGlobalSection
EndGlobal
